
Microsoft Visual Studio Solution File, Format Version 12.00
# Visual Studio Version 16
VisualStudioVersion = 16.0.30225.117
MinimumVisualStudioVersion = 10.0.40219.1
Project("{FAE04EC0-301F-11D3-BF4B-00C04F79EFBC}") = "Background", "Background\Background.csproj", "{FBA6F7B0-D518-4F7A-99E8-D45F3B107AF0}"
EndProject
Global
	GlobalSection(SolutionConfigurationPlatforms) = preSolution
		Debug|Any CPU = Debug|Any CPU
		Release|Any CPU = Release|Any CPU
	EndGlobalSection
	GlobalSection(ProjectConfigurationPlatforms) = postSolution
		{FBA6F7B0-D518-4F7A-99E8-D45F3B107AF0}.Debug|Any CPU.ActiveCfg = Debug|Any CPU
		{FBA6F7B0-D518-4F7A-99E8-D45F3B107AF0}.Debug|Any CPU.Build.0 = Debug|Any CPU
		{FBA6F7B0-D518-4F7A-99E8-D45F3B107AF0}.Release|Any CPU.ActiveCfg = Release|Any CPU
		{FBA6F7B0-D518-4F7A-99E8-D45F3B107AF0}.Release|Any CPU.Build.0 = Release|Any CPU
	EndGlobalSection
	GlobalSection(SolutionProperties) = preSolution
		HideSolutionNode = FALSE
	EndGlobalSection
	GlobalSection(ExtensibilityGlobals) = postSolution
		SolutionGuid = {1263B92E-1108-4C6F-A479-59FC9CC38F0C}
	EndGlobalSection
EndGlobal
